{
  "name": "Airstack-integration",
  "lockfileVersion": 3,
  "requires": true,
  "packages": {
    "": {
      "dependencies": {
        "@airstack/node": "^0.0.5",
        "dotenv": "^16.3.1"
      }
    },
    "node_modules/@airstack/node": {
      "version": "0.0.5",
      "resolved": "https://registry.npmjs.org/@airstack/node/-/node-0.0.5.tgz",
      "integrity": "sha512-bvRE2AaIxLPB4oX3VJe8lA1kXVGNuYt9T9KJngOxxx+6E7zxne5FDMjB//ngTvxm+UqCmAF3rkoVJXx/HN0ExQ==",
      "dependencies": {
        "@types/node": "14.14.30",
        "graphql": "16.7.1"
      },
      "engines": {
        "node": ">=14.17.0"
      }
    },
    "node_modules/@types/node": {
      "version": "14.14.30",
      "resolved": "https://registry.npmjs.org/@types/node/-/node-14.14.30.tgz",
      "integrity": "sha512-gUWhy8s45fQp4PqqKecsnOkdW0kt1IaKjgOIR3HPokkzTmQj9ji2wWFID5THu1MKrtO+d4s2lVrlEhXUsPXSvg=="
    },
    "node_modules/dotenv": {
      "version": "16.3.1",
      "resolved": "https://registry.npmjs.org/dotenv/-/dotenv-16.3.1.tgz",
      "integrity": "sha512-IPzF4w4/Rd94bA9imS68tZBaYyBWSCE47V1RGuMrB94iyTOIEwRmVL2x/4An+6mETpLrKJ5hQkB8W4kFAadeIQ==",
      "engines": {
        "node": ">=12"
      },
      "funding": {
        "url": "https://github.com/motdotla/dotenv?sponsor=1"
      }
    },
    "node_modules/graphql": {
      "version": "16.7.1",
      "resolved": "https://registry.npmjs.org/graphql/-/graphql-16.7.1.tgz",
      "integrity": "sha512-DRYR9tf+UGU0KOsMcKAlXeFfX89UiiIZ0dRU3mR0yJfu6OjZqUcp68NnFLnqQU5RexygFoDy1EW+ccOYcPfmHg==",
      "engines": {
        "node": "^12.22.0 || ^14.16.0 || ^16.0.0 || >=17.0.0"
      }
    }
  }
}
